<?xml version="1.0" encoding="utf-8"?>
<Project ToolsVersion="4.0" xmlns="http://schemas.microsoft.com/developer/msbuild/2003">
  <ItemGroup>
    <Filter Include="Source Files">
      <UniqueIdentifier>{4FC737F1-C7A5-4376-A066-2A32D752A2FF}</UniqueIdentifier>
      <Extensions>cpp;c;cc;cxx;def;odl;idl;hpj;bat;asm;asmx</Extensions>
    </Filter>
    <Filter Include="Header Files">
      <UniqueIdentifier>{93995380-89BD-4b04-88EB-625FBE52EBFB}</UniqueIdentifier>
      <Extensions>h;hh;hpp;hxx;hm;inl;inc;xsd</Extensions>
    </Filter>
    <Filter Include="Resource Files">
      <UniqueIdentifier>{67DA6AB6-F800-4c08-8B7A-83BB121AAD01}</UniqueIdentifier>
      <Extensions>rc;ico;cur;bmp;dlg;rc2;rct;bin;rgs;gif;jpg;jpeg;jpe;resx;tiff;tif;png;wav;mfcribbon-ms</Extensions>
    </Filter>
    <Filter Include="basics">
      <UniqueIdentifier>{ec7d3c1d-7de7-4e8d-bf9e-a7e1a8e9c51d}</UniqueIdentifier>
    </Filter>
  </ItemGroup>
  <ItemGroup>
    <Text Include="ReadMe.txt" />
  </ItemGroup>
  <ItemGroup>
    <ClInclude Include="targetver.h">
      <Filter>Header Files</Filter>
    </ClInclude>
    <ClInclude Include="basics\addvalue.h">
      <Filter>basics</Filter>
    </ClInclude>
    <ClInclude Include="basics\MyClass.h">
      <Filter>basics</Filter>
    </ClInclude>
    <ClInclude Include="basics\printcol1.h">
      <Filter>basics</Filter>
    </ClInclude>
    <ClInclude Include="basics\stack1.h">
      <Filter>basics</Filter>
    </ClInclude>
    <ClInclude Include="basics\stack2.h">
      <Filter>basics</Filter>
    </ClInclude>
    <ClInclude Include="basics\stack3.h">
      <Filter>basics</Filter>
    </ClInclude>
    <ClInclude Include="basics\stack4.h">
      <Filter>basics</Filter>
    </ClInclude>
    <ClInclude Include="basics\SubType.h">
      <Filter>basics</Filter>
    </ClInclude>
    <ClInclude Include="basics\ThisTest.h">
      <Filter>basics</Filter>
    </ClInclude>
    <ClInclude Include="basics\stack5decl.h">
      <Filter>basics</Filter>
    </ClInclude>
    <ClInclude Include="basics\stack6decl.h">
      <Filter>basics</Filter>
    </ClInclude>
    <ClInclude Include="basics\stack7.decl.h">
      <Filter>basics</Filter>
    </ClInclude>
    <ClInclude Include="basics\stack8.h">
      <Filter>basics</Filter>
    </ClInclude>
    <ClInclude Include="..\Chapter.04\stdafx.h">
      <Filter>Header Files</Filter>
    </ClInclude>
    <ClInclude Include="basics\zeroInit.h">
      <Filter>basics</Filter>
    </ClInclude>
    <ClInclude Include="basics\max5.h">
      <Filter>basics</Filter>
    </ClInclude>
    <ClInclude Include="basics\refnonref.h">
      <Filter>basics</Filter>
    </ClInclude>
  </ItemGroup>
  <ItemGroup>
    <ClCompile Include="stdafx.cpp">
      <Filter>Source Files</Filter>
    </ClCompile>
    <ClCompile Include="Chapter.05.cpp">
      <Filter>Source Files</Filter>
    </ClCompile>
  </ItemGroup>
</Project>