<?xml version="1.0" encoding="utf-8"?>
<Project ToolsVersion="4.0" xmlns="http://schemas.microsoft.com/developer/msbuild/2003">
  <ItemGroup>
    <Filter Include="Source Files">
      <UniqueIdentifier>{4FC737F1-C7A5-4376-A066-2A32D752A2FF}</UniqueIdentifier>
      <Extensions>cpp;c;cc;cxx;def;odl;idl;hpj;bat;asm;asmx</Extensions>
    </Filter>
    <Filter Include="Header Files">
      <UniqueIdentifier>{93995380-89BD-4b04-88EB-625FBE52EBFB}</UniqueIdentifier>
      <Extensions>h;hh;hpp;hxx;hm;inl;inc;xsd</Extensions>
    </Filter>
    <Filter Include="Resource Files">
      <UniqueIdentifier>{67DA6AB6-F800-4c08-8B7A-83BB121AAD01}</UniqueIdentifier>
      <Extensions>rc;ico;cur;bmp;dlg;rc2;rct;bin;rgs;gif;jpg;jpeg;jpe;resx;tiff;tif;png;wav;mfcribbon-ms</Extensions>
    </Filter>
    <Filter Include="AutoPointers">
      <UniqueIdentifier>{e35e011a-9208-4511-90f7-f62af5ab970a}</UniqueIdentifier>
    </Filter>
    <Filter Include="CountingPointer">
      <UniqueIdentifier>{2e726a72-1d9f-4ce9-8e18-75ac90727d0a}</UniqueIdentifier>
    </Filter>
  </ItemGroup>
  <ItemGroup>
    <Text Include="ReadMe.txt" />
  </ItemGroup>
  <ItemGroup>
    <ClInclude Include="stdafx.h">
      <Filter>Header Files</Filter>
    </ClInclude>
    <ClInclude Include="targetver.h">
      <Filter>Header Files</Filter>
    </ClInclude>
    <ClInclude Include="AutoPointers\HandleException.h">
      <Filter>AutoPointers</Filter>
    </ClInclude>
    <ClInclude Include="AutoPointers\HolderTest.h">
      <Filter>AutoPointers</Filter>
    </ClInclude>
    <ClInclude Include="AutoPointers\refmem1.h">
      <Filter>AutoPointers</Filter>
    </ClInclude>
    <ClInclude Include="AutoPointers\refmem2.h">
      <Filter>AutoPointers</Filter>
    </ClInclude>
    <ClInclude Include="AutoPointers\ResourceAcquisitionIsInitialization.h">
      <Filter>AutoPointers</Filter>
    </ClInclude>
    <ClInclude Include="AutoPointers\TransferCapsule.h">
      <Filter>AutoPointers</Filter>
    </ClInclude>
    <ClInclude Include="AutoPointers\Holder2.h">
      <Filter>AutoPointers</Filter>
    </ClInclude>
    <ClInclude Include="AutoPointers\Holder1.h">
      <Filter>AutoPointers</Filter>
    </ClInclude>
    <ClInclude Include="CountingPointer\CountingPointer.h">
      <Filter>CountingPointer</Filter>
    </ClInclude>
    <ClInclude Include="CountingPointer\CounterPolicy.h">
      <Filter>CountingPointer</Filter>
    </ClInclude>
    <ClInclude Include="CountingPointer\ObjectPolicy.h">
      <Filter>CountingPointer</Filter>
    </ClInclude>
    <ClInclude Include="CountingPointer\StandardObjectPolicy.h">
      <Filter>CountingPointer</Filter>
    </ClInclude>
    <ClInclude Include="CountingPointer\StandardArrayPolicy.h">
      <Filter>CountingPointer</Filter>
    </ClInclude>
    <ClInclude Include="CountingPointer\SimpleReferenceCount.h">
      <Filter>CountingPointer</Filter>
    </ClInclude>
    <ClInclude Include="CountingPointer\MemberReferenceCount.h">
      <Filter>CountingPointer</Filter>
    </ClInclude>
    <ClInclude Include="CountingPointer\ManagedType.h">
      <Filter>CountingPointer</Filter>
    </ClInclude>
  </ItemGroup>
  <ItemGroup>
    <ClCompile Include="stdafx.cpp">
      <Filter>Source Files</Filter>
    </ClCompile>
    <ClCompile Include="Chapter.20.cpp">
      <Filter>Source Files</Filter>
    </ClCompile>
    <ClCompile Include="AutoPointers\TransferCapsuleTest.cpp">
      <Filter>AutoPointers</Filter>
    </ClCompile>
    <ClCompile Include="AutoPointers\HolderTest.cpp">
      <Filter>AutoPointers</Filter>
    </ClCompile>
    <ClCompile Include="AutoPointers\refmem2Test.cpp">
      <Filter>AutoPointers</Filter>
    </ClCompile>
  </ItemGroup>
</Project>