<?xml version="1.0" encoding="utf-8"?>
<Project ToolsVersion="4.0" xmlns="http://schemas.microsoft.com/developer/msbuild/2003">
  <ItemGroup>
    <Filter Include="Source Files">
      <UniqueIdentifier>{4FC737F1-C7A5-4376-A066-2A32D752A2FF}</UniqueIdentifier>
      <Extensions>cpp;c;cc;cxx;def;odl;idl;hpj;bat;asm;asmx</Extensions>
    </Filter>
    <Filter Include="Header Files">
      <UniqueIdentifier>{93995380-89BD-4b04-88EB-625FBE52EBFB}</UniqueIdentifier>
      <Extensions>h;hh;hpp;hxx;hm;inl;inc;xsd</Extensions>
    </Filter>
    <Filter Include="Resource Files">
      <UniqueIdentifier>{67DA6AB6-F800-4c08-8B7A-83BB121AAD01}</UniqueIdentifier>
      <Extensions>rc;ico;cur;bmp;dlg;rc2;rct;bin;rgs;gif;jpg;jpeg;jpe;resx;tiff;tif;png;wav;mfcribbon-ms</Extensions>
    </Filter>
    <Filter Include="basics">
      <UniqueIdentifier>{a36cad32-5e4b-41cf-bb94-30e4eb35c789}</UniqueIdentifier>
    </Filter>
  </ItemGroup>
  <ItemGroup>
    <Text Include="ReadMe.txt" />
  </ItemGroup>
  <ItemGroup>
    <ClInclude Include="stdafx.h">
      <Filter>Header Files</Filter>
    </ClInclude>
    <ClInclude Include="targetver.h">
      <Filter>Header Files</Filter>
    </ClInclude>
    <ClInclude Include="basics\myFirstDef.h">
      <Filter>basics</Filter>
    </ClInclude>
    <ClInclude Include="basics\myFirstDec.h">
      <Filter>basics</Filter>
    </ClInclude>
    <ClInclude Include="basics\myClass.h">
      <Filter>basics</Filter>
    </ClInclude>
    <ClInclude Include="basics\myClassDef.h">
      <Filter>basics</Filter>
    </ClInclude>
    <ClInclude Include="basics\maxDec.h">
      <Filter>basics</Filter>
    </ClInclude>
    <ClInclude Include="basics\maxDef.h">
      <Filter>basics</Filter>
    </ClInclude>
    <ClInclude Include="basics\stackDec.h">
      <Filter>basics</Filter>
    </ClInclude>
    <ClInclude Include="basics\stackDef.h">
      <Filter>basics</Filter>
    </ClInclude>
    <ClInclude Include="basics\layers.h">
      <Filter>basics</Filter>
    </ClInclude>
    <ClInclude Include="basics\tracer.h">
      <Filter>basics</Filter>
    </ClInclude>
  </ItemGroup>
  <ItemGroup>
    <ClCompile Include="stdafx.cpp">
      <Filter>Source Files</Filter>
    </ClCompile>
    <ClCompile Include="Chapter.06.cpp">
      <Filter>Source Files</Filter>
    </ClCompile>
    <ClCompile Include="basics\myFirstInit.cpp">
      <Filter>basics</Filter>
    </ClCompile>
    <ClCompile Include="basics\myClassInit.cpp">
      <Filter>basics</Filter>
    </ClCompile>
    <ClCompile Include="basics\maxInit.cpp">
      <Filter>basics</Filter>
    </ClCompile>
    <ClCompile Include="basics\stackInit.cpp">
      <Filter>basics</Filter>
    </ClCompile>
    <ClCompile Include="basics\tracer.cpp">
      <Filter>basics</Filter>
    </ClCompile>
  </ItemGroup>
</Project>