
Microsoft Visual Studio Solution File, Format Version 12.00
# Visual Studio 2013
VisualStudioVersion = 12.0.30501.0
MinimumVisualStudioVersion = 10.0.40219.1
Project("{8BC9CEB8-8B4A-11D0-8D11-00A0C91BC942}") = "Chapter.01", "Chapter.01\Chapter.01.vcxproj", "{C9470321-2C02-4587-AC84-7D8CC3B13BC3}"
EndProject
Project("{8BC9CEB8-8B4A-11D0-8D11-00A0C91BC942}") = "Chapter.05", "Chapter.05\Chapter.05.vcxproj", "{5B8771B8-26E6-4DCF-BF52-2E6CEF3F650A}"
EndProject
Project("{8BC9CEB8-8B4A-11D0-8D11-00A0C91BC942}") = "Chapter.03", "Chapter.03\Chapter.03.vcxproj", "{FB344C44-8B24-4764-BA48-F910319B8837}"
EndProject
Project("{8BC9CEB8-8B4A-11D0-8D11-00A0C91BC942}") = "Chapter.04", "Chapter.04\Chapter.04.vcxproj", "{796DD238-EB86-4E60-9A45-946157396721}"
EndProject
Project("{8BC9CEB8-8B4A-11D0-8D11-00A0C91BC942}") = "Chapter.02", "Chapter.02\Chpater.02.vcxproj", "{14D8554E-D6B1-4CBC-86CE-ED0A93779B2F}"
EndProject
Project("{8BC9CEB8-8B4A-11D0-8D11-00A0C91BC942}") = "Chapter.06", "Chapter.06\Chapter.06.vcxproj", "{7D267A40-D000-4C5B-B516-6D10BA3A81CB}"
EndProject
Project("{8BC9CEB8-8B4A-11D0-8D11-00A0C91BC942}") = "Chapter.00.Pointer", "Chapter.00.Pointer\Chapter.00.Pointer.vcxproj", "{9F325702-F537-494D-9479-81D66C0BF6F4}"
EndProject
Project("{8BC9CEB8-8B4A-11D0-8D11-00A0C91BC942}") = "Chapter.08", "chapter.08\chapter.08.vcxproj", "{F0A61E29-E9B1-4615-A4CD-3FE6C5BB3FE4}"
EndProject
Project("{8BC9CEB8-8B4A-11D0-8D11-00A0C91BC942}") = "Chapter.09", "Chapter.09\Chapter.09.vcxproj", "{BB0D0142-E858-4FA0-A480-BBC9EB3BA9BD}"
EndProject
Project("{8BC9CEB8-8B4A-11D0-8D11-00A0C91BC942}") = "Chapter.10", "chapter.10\chapter.10.vcxproj", "{90C945B3-DE20-4695-8A62-A300C4864E87}"
EndProject
Project("{8BC9CEB8-8B4A-11D0-8D11-00A0C91BC942}") = "Chapter.11", "Chapter.11\Chapter.11.vcxproj", "{A420E7C6-8C24-4B0F-A73E-C886B4356080}"
EndProject
Project("{8BC9CEB8-8B4A-11D0-8D11-00A0C91BC942}") = "Chapter.12", "Chapter.12\Chapter.12.vcxproj", "{B91E9E29-5790-4A3C-AD9C-C5BC0D3600B2}"
EndProject
Project("{8BC9CEB8-8B4A-11D0-8D11-00A0C91BC942}") = "Chapter.13", "Chapter.13\Chapter.13.vcxproj", "{501E63C9-224A-4CF4-BADF-0DD94FD9E331}"
EndProject
Project("{8BC9CEB8-8B4A-11D0-8D11-00A0C91BC942}") = "Chapter.14", "Chapter.14\Chapter.14.vcxproj", "{C076E9E9-3FCF-4AD4-88AA-E0C27DA40F3A}"
EndProject
Project("{8BC9CEB8-8B4A-11D0-8D11-00A0C91BC942}") = "Chapter.15", "Chapter.15\Chapter.15.vcxproj", "{6BEC80CA-5525-4921-A03B-BA99BCFC8D5A}"
EndProject
Project("{8BC9CEB8-8B4A-11D0-8D11-00A0C91BC942}") = "Chapter.16", "Chapter.16\Chapter.16.vcxproj", "{7DE6CEB6-6F46-4B5C-AB80-E20F6D7F2266}"
EndProject
Project("{8BC9CEB8-8B4A-11D0-8D11-00A0C91BC942}") = "Chapter.17", "Chapter.17\Chapter.17.vcxproj", "{1435AE58-6BE0-49F9-9DDA-72BBD112E492}"
EndProject
Project("{8BC9CEB8-8B4A-11D0-8D11-00A0C91BC942}") = "Chapter.18", "Chapter.18\Chapter.18.vcxproj", "{A82C679C-BF72-4561-91EE-185231800B56}"
EndProject
Project("{8BC9CEB8-8B4A-11D0-8D11-00A0C91BC942}") = "Chapter.19", "Chapter.19\Chapter.19.vcxproj", "{146FCF5B-33C5-4EEB-BEAB-03F3EA3EEC81}"
EndProject
Project("{8BC9CEB8-8B4A-11D0-8D11-00A0C91BC942}") = "Chapter.20", "Chapter.20\Chapter.20.vcxproj", "{7D275AD4-5691-4BF6-A8E4-D72C5A306C0A}"
EndProject
Project("{8BC9CEB8-8B4A-11D0-8D11-00A0C91BC942}") = "Chapter.21", "Chapter.21\Chapter.21.vcxproj", "{6A522FED-98E7-4946-86B6-245C67995F01}"
EndProject
Project("{8BC9CEB8-8B4A-11D0-8D11-00A0C91BC942}") = "Chapter.22", "Chapter.22\Chapter.22.vcxproj", "{6488F0D4-F20A-4C4D-BB00-AE4512EEEA7C}"
EndProject
Global
	GlobalSection(SolutionConfigurationPlatforms) = preSolution
		Debug|Win32 = Debug|Win32
		Release|Win32 = Release|Win32
	EndGlobalSection
	GlobalSection(ProjectConfigurationPlatforms) = postSolution
		{C9470321-2C02-4587-AC84-7D8CC3B13BC3}.Debug|Win32.ActiveCfg = Debug|Win32
		{C9470321-2C02-4587-AC84-7D8CC3B13BC3}.Debug|Win32.Build.0 = Debug|Win32
		{C9470321-2C02-4587-AC84-7D8CC3B13BC3}.Release|Win32.ActiveCfg = Release|Win32
		{C9470321-2C02-4587-AC84-7D8CC3B13BC3}.Release|Win32.Build.0 = Release|Win32
		{5B8771B8-26E6-4DCF-BF52-2E6CEF3F650A}.Debug|Win32.ActiveCfg = Debug|Win32
		{5B8771B8-26E6-4DCF-BF52-2E6CEF3F650A}.Debug|Win32.Build.0 = Debug|Win32
		{5B8771B8-26E6-4DCF-BF52-2E6CEF3F650A}.Release|Win32.ActiveCfg = Release|Win32
		{5B8771B8-26E6-4DCF-BF52-2E6CEF3F650A}.Release|Win32.Build.0 = Release|Win32
		{FB344C44-8B24-4764-BA48-F910319B8837}.Debug|Win32.ActiveCfg = Debug|Win32
		{FB344C44-8B24-4764-BA48-F910319B8837}.Debug|Win32.Build.0 = Debug|Win32
		{FB344C44-8B24-4764-BA48-F910319B8837}.Release|Win32.ActiveCfg = Release|Win32
		{FB344C44-8B24-4764-BA48-F910319B8837}.Release|Win32.Build.0 = Release|Win32
		{796DD238-EB86-4E60-9A45-946157396721}.Debug|Win32.ActiveCfg = Debug|Win32
		{796DD238-EB86-4E60-9A45-946157396721}.Debug|Win32.Build.0 = Debug|Win32
		{796DD238-EB86-4E60-9A45-946157396721}.Release|Win32.ActiveCfg = Release|Win32
		{796DD238-EB86-4E60-9A45-946157396721}.Release|Win32.Build.0 = Release|Win32
		{14D8554E-D6B1-4CBC-86CE-ED0A93779B2F}.Debug|Win32.ActiveCfg = Debug|Win32
		{14D8554E-D6B1-4CBC-86CE-ED0A93779B2F}.Debug|Win32.Build.0 = Debug|Win32
		{14D8554E-D6B1-4CBC-86CE-ED0A93779B2F}.Release|Win32.ActiveCfg = Release|Win32
		{14D8554E-D6B1-4CBC-86CE-ED0A93779B2F}.Release|Win32.Build.0 = Release|Win32
		{7D267A40-D000-4C5B-B516-6D10BA3A81CB}.Debug|Win32.ActiveCfg = Debug|Win32
		{7D267A40-D000-4C5B-B516-6D10BA3A81CB}.Debug|Win32.Build.0 = Debug|Win32
		{7D267A40-D000-4C5B-B516-6D10BA3A81CB}.Release|Win32.ActiveCfg = Release|Win32
		{7D267A40-D000-4C5B-B516-6D10BA3A81CB}.Release|Win32.Build.0 = Release|Win32
		{9F325702-F537-494D-9479-81D66C0BF6F4}.Debug|Win32.ActiveCfg = Debug|Win32
		{9F325702-F537-494D-9479-81D66C0BF6F4}.Debug|Win32.Build.0 = Debug|Win32
		{9F325702-F537-494D-9479-81D66C0BF6F4}.Release|Win32.ActiveCfg = Release|Win32
		{9F325702-F537-494D-9479-81D66C0BF6F4}.Release|Win32.Build.0 = Release|Win32
		{F0A61E29-E9B1-4615-A4CD-3FE6C5BB3FE4}.Debug|Win32.ActiveCfg = Debug|Win32
		{F0A61E29-E9B1-4615-A4CD-3FE6C5BB3FE4}.Debug|Win32.Build.0 = Debug|Win32
		{F0A61E29-E9B1-4615-A4CD-3FE6C5BB3FE4}.Release|Win32.ActiveCfg = Release|Win32
		{F0A61E29-E9B1-4615-A4CD-3FE6C5BB3FE4}.Release|Win32.Build.0 = Release|Win32
		{BB0D0142-E858-4FA0-A480-BBC9EB3BA9BD}.Debug|Win32.ActiveCfg = Debug|Win32
		{BB0D0142-E858-4FA0-A480-BBC9EB3BA9BD}.Debug|Win32.Build.0 = Debug|Win32
		{BB0D0142-E858-4FA0-A480-BBC9EB3BA9BD}.Release|Win32.ActiveCfg = Release|Win32
		{BB0D0142-E858-4FA0-A480-BBC9EB3BA9BD}.Release|Win32.Build.0 = Release|Win32
		{90C945B3-DE20-4695-8A62-A300C4864E87}.Debug|Win32.ActiveCfg = Debug|Win32
		{90C945B3-DE20-4695-8A62-A300C4864E87}.Debug|Win32.Build.0 = Debug|Win32
		{90C945B3-DE20-4695-8A62-A300C4864E87}.Release|Win32.ActiveCfg = Release|Win32
		{90C945B3-DE20-4695-8A62-A300C4864E87}.Release|Win32.Build.0 = Release|Win32
		{A420E7C6-8C24-4B0F-A73E-C886B4356080}.Debug|Win32.ActiveCfg = Debug|Win32
		{A420E7C6-8C24-4B0F-A73E-C886B4356080}.Debug|Win32.Build.0 = Debug|Win32
		{A420E7C6-8C24-4B0F-A73E-C886B4356080}.Release|Win32.ActiveCfg = Release|Win32
		{A420E7C6-8C24-4B0F-A73E-C886B4356080}.Release|Win32.Build.0 = Release|Win32
		{B91E9E29-5790-4A3C-AD9C-C5BC0D3600B2}.Debug|Win32.ActiveCfg = Debug|Win32
		{B91E9E29-5790-4A3C-AD9C-C5BC0D3600B2}.Debug|Win32.Build.0 = Debug|Win32
		{B91E9E29-5790-4A3C-AD9C-C5BC0D3600B2}.Release|Win32.ActiveCfg = Release|Win32
		{B91E9E29-5790-4A3C-AD9C-C5BC0D3600B2}.Release|Win32.Build.0 = Release|Win32
		{501E63C9-224A-4CF4-BADF-0DD94FD9E331}.Debug|Win32.ActiveCfg = Debug|Win32
		{501E63C9-224A-4CF4-BADF-0DD94FD9E331}.Debug|Win32.Build.0 = Debug|Win32
		{501E63C9-224A-4CF4-BADF-0DD94FD9E331}.Release|Win32.ActiveCfg = Release|Win32
		{501E63C9-224A-4CF4-BADF-0DD94FD9E331}.Release|Win32.Build.0 = Release|Win32
		{C076E9E9-3FCF-4AD4-88AA-E0C27DA40F3A}.Debug|Win32.ActiveCfg = Debug|Win32
		{C076E9E9-3FCF-4AD4-88AA-E0C27DA40F3A}.Debug|Win32.Build.0 = Debug|Win32
		{C076E9E9-3FCF-4AD4-88AA-E0C27DA40F3A}.Release|Win32.ActiveCfg = Release|Win32
		{C076E9E9-3FCF-4AD4-88AA-E0C27DA40F3A}.Release|Win32.Build.0 = Release|Win32
		{6BEC80CA-5525-4921-A03B-BA99BCFC8D5A}.Debug|Win32.ActiveCfg = Debug|Win32
		{6BEC80CA-5525-4921-A03B-BA99BCFC8D5A}.Debug|Win32.Build.0 = Debug|Win32
		{6BEC80CA-5525-4921-A03B-BA99BCFC8D5A}.Release|Win32.ActiveCfg = Release|Win32
		{6BEC80CA-5525-4921-A03B-BA99BCFC8D5A}.Release|Win32.Build.0 = Release|Win32
		{7DE6CEB6-6F46-4B5C-AB80-E20F6D7F2266}.Debug|Win32.ActiveCfg = Debug|Win32
		{7DE6CEB6-6F46-4B5C-AB80-E20F6D7F2266}.Debug|Win32.Build.0 = Debug|Win32
		{7DE6CEB6-6F46-4B5C-AB80-E20F6D7F2266}.Release|Win32.ActiveCfg = Release|Win32
		{7DE6CEB6-6F46-4B5C-AB80-E20F6D7F2266}.Release|Win32.Build.0 = Release|Win32
		{1435AE58-6BE0-49F9-9DDA-72BBD112E492}.Debug|Win32.ActiveCfg = Debug|Win32
		{1435AE58-6BE0-49F9-9DDA-72BBD112E492}.Debug|Win32.Build.0 = Debug|Win32
		{1435AE58-6BE0-49F9-9DDA-72BBD112E492}.Release|Win32.ActiveCfg = Release|Win32
		{1435AE58-6BE0-49F9-9DDA-72BBD112E492}.Release|Win32.Build.0 = Release|Win32
		{A82C679C-BF72-4561-91EE-185231800B56}.Debug|Win32.ActiveCfg = Debug|Win32
		{A82C679C-BF72-4561-91EE-185231800B56}.Debug|Win32.Build.0 = Debug|Win32
		{A82C679C-BF72-4561-91EE-185231800B56}.Release|Win32.ActiveCfg = Release|Win32
		{A82C679C-BF72-4561-91EE-185231800B56}.Release|Win32.Build.0 = Release|Win32
		{146FCF5B-33C5-4EEB-BEAB-03F3EA3EEC81}.Debug|Win32.ActiveCfg = Debug|Win32
		{146FCF5B-33C5-4EEB-BEAB-03F3EA3EEC81}.Debug|Win32.Build.0 = Debug|Win32
		{146FCF5B-33C5-4EEB-BEAB-03F3EA3EEC81}.Release|Win32.ActiveCfg = Release|Win32
		{146FCF5B-33C5-4EEB-BEAB-03F3EA3EEC81}.Release|Win32.Build.0 = Release|Win32
		{7D275AD4-5691-4BF6-A8E4-D72C5A306C0A}.Debug|Win32.ActiveCfg = Debug|Win32
		{7D275AD4-5691-4BF6-A8E4-D72C5A306C0A}.Debug|Win32.Build.0 = Debug|Win32
		{7D275AD4-5691-4BF6-A8E4-D72C5A306C0A}.Release|Win32.ActiveCfg = Release|Win32
		{7D275AD4-5691-4BF6-A8E4-D72C5A306C0A}.Release|Win32.Build.0 = Release|Win32
		{6A522FED-98E7-4946-86B6-245C67995F01}.Debug|Win32.ActiveCfg = Debug|Win32
		{6A522FED-98E7-4946-86B6-245C67995F01}.Debug|Win32.Build.0 = Debug|Win32
		{6A522FED-98E7-4946-86B6-245C67995F01}.Release|Win32.ActiveCfg = Release|Win32
		{6A522FED-98E7-4946-86B6-245C67995F01}.Release|Win32.Build.0 = Release|Win32
		{6488F0D4-F20A-4C4D-BB00-AE4512EEEA7C}.Debug|Win32.ActiveCfg = Debug|Win32
		{6488F0D4-F20A-4C4D-BB00-AE4512EEEA7C}.Debug|Win32.Build.0 = Debug|Win32
		{6488F0D4-F20A-4C4D-BB00-AE4512EEEA7C}.Release|Win32.ActiveCfg = Release|Win32
		{6488F0D4-F20A-4C4D-BB00-AE4512EEEA7C}.Release|Win32.Build.0 = Release|Win32
	EndGlobalSection
	GlobalSection(SolutionProperties) = preSolution
		HideSolutionNode = FALSE
	EndGlobalSection
EndGlobal
