
Microsoft Visual Studio Solution File, Format Version 12.00
# Visual Studio 2013
VisualStudioVersion = 12.0.31101.0
MinimumVisualStudioVersion = 10.0.40219.1
Project("{2150E333-8FDC-42A3-9474-1A3956D46DE8}") = "Part.1", "Part.1", "{D72D420A-B5B2-446B-95AC-0340521C4126}"
EndProject
Project("{2150E333-8FDC-42A3-9474-1A3956D46DE8}") = "Part.2", "Part.2", "{BA500966-91C5-45D3-B041-C440271FE89D}"
EndProject
Project("{2150E333-8FDC-42A3-9474-1A3956D46DE8}") = "Part.3", "Part.3", "{F8DD8226-D812-473D-B1ED-D233F03B8BCD}"
EndProject
Project("{2150E333-8FDC-42A3-9474-1A3956D46DE8}") = "Part.4", "Part.4", "{782877DF-3067-4F0C-9F4B-46586CA8E376}"
EndProject
Project("{8BC9CEB8-8B4A-11D0-8D11-00A0C91BC942}") = "Chapter.01", "Part.1\Chapter.01\Chapter.01.vcxproj", "{AE2CDBAC-11C0-4E75-86F2-D3E64AE80C16}"
EndProject
Project("{2150E333-8FDC-42A3-9474-1A3956D46DE8}") = "C++.Primer.Plus", "C++.Primer.Plus", "{2502EE8D-A08B-45F5-A902-5232EF927053}"
EndProject
Project("{8BC9CEB8-8B4A-11D0-8D11-00A0C91BC942}") = "C++.Primer.Plus.Six.Edition", "C++.Primer.Plus\C++.Primer.Plus.Six.Edition\C++.Primer.Plus.Six.Edition.vcxproj", "{0E101187-E66C-4A1E-999B-66EB668FAC3D}"
EndProject
Project("{8BC9CEB8-8B4A-11D0-8D11-00A0C91BC942}") = "Chapter.03", "Part.1\Chapter.03\Chapter.03.vcxproj", "{4E2767B0-6BED-49A1-839C-5F845CDC0B53}"
EndProject
Project("{8BC9CEB8-8B4A-11D0-8D11-00A0C91BC942}") = "Chapter.04", "Part.1\Chapter.04\Chapter.04.vcxproj", "{1F96790F-038D-417F-9917-B8D89A73EF05}"
EndProject
Project("{8BC9CEB8-8B4A-11D0-8D11-00A0C91BC942}") = "Chapter.06", "Part.1\Chapter.06\Chapter.06.vcxproj", "{950B288E-FC20-4428-84A2-6362664A012E}"
EndProject
Project("{8BC9CEB8-8B4A-11D0-8D11-00A0C91BC942}") = "Chapter.05", "Part.1\Chapter.05\Chapter05.vcxproj", "{8247BFC0-74A1-4822-AC1B-10A25A096B82}"
EndProject
Project("{8BC9CEB8-8B4A-11D0-8D11-00A0C91BC942}") = "Chapter.08", "Part.2\Chapter.08\Chapter.08.vcxproj", "{392B1B15-ABAB-4398-8D58-E3B51B861699}"
EndProject
Project("{8BC9CEB8-8B4A-11D0-8D11-00A0C91BC942}") = "Chapter.09", "Part.2\Chapter.09\Chapter.09.vcxproj", "{E21EDEE7-9EF6-403F-9468-014B9BFF94BB}"
EndProject
Project("{8BC9CEB8-8B4A-11D0-8D11-00A0C91BC942}") = "Chapter.10", "Part.2\Chapter.10\Chapter.10.vcxproj", "{0A3C0E41-B0EA-4736-B5B6-7F04B248839F}"
EndProject
Project("{8BC9CEB8-8B4A-11D0-8D11-00A0C91BC942}") = "Chapter.11", "Part.2\Chapter.11\Chapter.11.vcxproj", "{D246ADC6-51A9-440B-BF04-5C64A80576C2}"
EndProject
Project("{8BC9CEB8-8B4A-11D0-8D11-00A0C91BC942}") = "Chapter.12", "Part.2\Chapter.12\Chapter.12.vcxproj", "{C170FC05-28EF-492C-A5DF-1C7760A5EFAE}"
EndProject
Project("{8BC9CEB8-8B4A-11D0-8D11-00A0C91BC942}") = "Chapter.13", "Part.2\Chapter.13\Chapter.13.vcxproj", "{B0B06D31-2177-47EA-B7BC-BBF70A88C9E4}"
EndProject
Project("{8BC9CEB8-8B4A-11D0-8D11-00A0C91BC942}") = "Chapter.14", "Part.3\Chapter.14\Chapter.14.vcxproj", "{72608FD4-3BEE-457A-AF50-CE5DB0F368B6}"
EndProject
Project("{8BC9CEB8-8B4A-11D0-8D11-00A0C91BC942}") = "Chapter.15", "Part.3\Chapter.15\Chapter.15.vcxproj", "{4AAB15DE-806C-4459-9F98-985C3DCAE642}"
EndProject
Project("{8BC9CEB8-8B4A-11D0-8D11-00A0C91BC942}") = "Chapter.16", "Part.3\Chapter.16\Chapter.16.vcxproj", "{3237B567-F134-4FE5-8540-FD66A8A00D06}"
EndProject
Project("{2150E333-8FDC-42A3-9474-1A3956D46DE8}") = "ThinkingInC++", "ThinkingInC++", "{87848F67-91F2-487B-852B-10075A4F8D9F}"
EndProject
Project("{8BC9CEB8-8B4A-11D0-8D11-00A0C91BC942}") = "Chapter.09", "ThinkingInC++\Chapter.09\Chapter.09.vcxproj", "{659DABEA-3A35-4F8C-BA46-C829A8FE1DF5}"
EndProject
Project("{8BC9CEB8-8B4A-11D0-8D11-00A0C91BC942}") = "Chapter.17", "Part.3\Chapter.17\Chapter.17.vcxproj", "{FE2A5089-69CE-496B-8ABC-6490FB8A8BBD}"
EndProject
Project("{8BC9CEB8-8B4A-11D0-8D11-00A0C91BC942}") = "Chapter.18", "Part.3\Chapter.18\Chapter.18.vcxproj", "{EBA5868A-381C-499B-B494-C188EF428A64}"
EndProject
Project("{8BC9CEB8-8B4A-11D0-8D11-00A0C91BC942}") = "Chapter.19", "Part.4\Chapter.19\Chapter.19.vcxproj", "{A21050E9-DCA2-45EE-A8BF-78E499932C0A}"
EndProject
Project("{8BC9CEB8-8B4A-11D0-8D11-00A0C91BC942}") = "Chapter.20", "Part.4\Chapter.20\Chapter.20.vcxproj", "{6AAEE36E-EC70-4081-BC7E-435CB11DA247}"
EndProject
Project("{8BC9CEB8-8B4A-11D0-8D11-00A0C91BC942}") = "Chapter.21", "Part.4\Chapter.21\Chapter.21.vcxproj", "{1C418056-B7C2-4E8B-83BE-902587FF0379}"
EndProject
Global
	GlobalSection(SolutionConfigurationPlatforms) = preSolution
		Debug|Any CPU = Debug|Any CPU
		Debug|Mixed Platforms = Debug|Mixed Platforms
		Debug|Win32 = Debug|Win32
		Release|Any CPU = Release|Any CPU
		Release|Mixed Platforms = Release|Mixed Platforms
		Release|Win32 = Release|Win32
	EndGlobalSection
	GlobalSection(ProjectConfigurationPlatforms) = postSolution
		{AE2CDBAC-11C0-4E75-86F2-D3E64AE80C16}.Debug|Any CPU.ActiveCfg = Debug|Win32
		{AE2CDBAC-11C0-4E75-86F2-D3E64AE80C16}.Debug|Mixed Platforms.ActiveCfg = Debug|Win32
		{AE2CDBAC-11C0-4E75-86F2-D3E64AE80C16}.Debug|Mixed Platforms.Build.0 = Debug|Win32
		{AE2CDBAC-11C0-4E75-86F2-D3E64AE80C16}.Debug|Win32.ActiveCfg = Debug|Win32
		{AE2CDBAC-11C0-4E75-86F2-D3E64AE80C16}.Debug|Win32.Build.0 = Debug|Win32
		{AE2CDBAC-11C0-4E75-86F2-D3E64AE80C16}.Release|Any CPU.ActiveCfg = Release|Win32
		{AE2CDBAC-11C0-4E75-86F2-D3E64AE80C16}.Release|Mixed Platforms.ActiveCfg = Release|Win32
		{AE2CDBAC-11C0-4E75-86F2-D3E64AE80C16}.Release|Mixed Platforms.Build.0 = Release|Win32
		{AE2CDBAC-11C0-4E75-86F2-D3E64AE80C16}.Release|Win32.ActiveCfg = Release|Win32
		{AE2CDBAC-11C0-4E75-86F2-D3E64AE80C16}.Release|Win32.Build.0 = Release|Win32
		{0E101187-E66C-4A1E-999B-66EB668FAC3D}.Debug|Any CPU.ActiveCfg = Debug|Win32
		{0E101187-E66C-4A1E-999B-66EB668FAC3D}.Debug|Mixed Platforms.ActiveCfg = Debug|Win32
		{0E101187-E66C-4A1E-999B-66EB668FAC3D}.Debug|Mixed Platforms.Build.0 = Debug|Win32
		{0E101187-E66C-4A1E-999B-66EB668FAC3D}.Debug|Win32.ActiveCfg = Debug|Win32
		{0E101187-E66C-4A1E-999B-66EB668FAC3D}.Debug|Win32.Build.0 = Debug|Win32
		{0E101187-E66C-4A1E-999B-66EB668FAC3D}.Release|Any CPU.ActiveCfg = Release|Win32
		{0E101187-E66C-4A1E-999B-66EB668FAC3D}.Release|Mixed Platforms.ActiveCfg = Release|Win32
		{0E101187-E66C-4A1E-999B-66EB668FAC3D}.Release|Mixed Platforms.Build.0 = Release|Win32
		{0E101187-E66C-4A1E-999B-66EB668FAC3D}.Release|Win32.ActiveCfg = Release|Win32
		{0E101187-E66C-4A1E-999B-66EB668FAC3D}.Release|Win32.Build.0 = Release|Win32
		{4E2767B0-6BED-49A1-839C-5F845CDC0B53}.Debug|Any CPU.ActiveCfg = Debug|Win32
		{4E2767B0-6BED-49A1-839C-5F845CDC0B53}.Debug|Mixed Platforms.ActiveCfg = Debug|Win32
		{4E2767B0-6BED-49A1-839C-5F845CDC0B53}.Debug|Mixed Platforms.Build.0 = Debug|Win32
		{4E2767B0-6BED-49A1-839C-5F845CDC0B53}.Debug|Win32.ActiveCfg = Debug|Win32
		{4E2767B0-6BED-49A1-839C-5F845CDC0B53}.Debug|Win32.Build.0 = Debug|Win32
		{4E2767B0-6BED-49A1-839C-5F845CDC0B53}.Release|Any CPU.ActiveCfg = Release|Win32
		{4E2767B0-6BED-49A1-839C-5F845CDC0B53}.Release|Mixed Platforms.ActiveCfg = Release|Win32
		{4E2767B0-6BED-49A1-839C-5F845CDC0B53}.Release|Mixed Platforms.Build.0 = Release|Win32
		{4E2767B0-6BED-49A1-839C-5F845CDC0B53}.Release|Win32.ActiveCfg = Release|Win32
		{4E2767B0-6BED-49A1-839C-5F845CDC0B53}.Release|Win32.Build.0 = Release|Win32
		{1F96790F-038D-417F-9917-B8D89A73EF05}.Debug|Any CPU.ActiveCfg = Debug|Win32
		{1F96790F-038D-417F-9917-B8D89A73EF05}.Debug|Mixed Platforms.ActiveCfg = Debug|Win32
		{1F96790F-038D-417F-9917-B8D89A73EF05}.Debug|Mixed Platforms.Build.0 = Debug|Win32
		{1F96790F-038D-417F-9917-B8D89A73EF05}.Debug|Win32.ActiveCfg = Debug|Win32
		{1F96790F-038D-417F-9917-B8D89A73EF05}.Debug|Win32.Build.0 = Debug|Win32
		{1F96790F-038D-417F-9917-B8D89A73EF05}.Release|Any CPU.ActiveCfg = Release|Win32
		{1F96790F-038D-417F-9917-B8D89A73EF05}.Release|Mixed Platforms.ActiveCfg = Release|Win32
		{1F96790F-038D-417F-9917-B8D89A73EF05}.Release|Mixed Platforms.Build.0 = Release|Win32
		{1F96790F-038D-417F-9917-B8D89A73EF05}.Release|Win32.ActiveCfg = Release|Win32
		{1F96790F-038D-417F-9917-B8D89A73EF05}.Release|Win32.Build.0 = Release|Win32
		{950B288E-FC20-4428-84A2-6362664A012E}.Debug|Any CPU.ActiveCfg = Debug|Win32
		{950B288E-FC20-4428-84A2-6362664A012E}.Debug|Mixed Platforms.ActiveCfg = Debug|Win32
		{950B288E-FC20-4428-84A2-6362664A012E}.Debug|Mixed Platforms.Build.0 = Debug|Win32
		{950B288E-FC20-4428-84A2-6362664A012E}.Debug|Win32.ActiveCfg = Debug|Win32
		{950B288E-FC20-4428-84A2-6362664A012E}.Debug|Win32.Build.0 = Debug|Win32
		{950B288E-FC20-4428-84A2-6362664A012E}.Release|Any CPU.ActiveCfg = Release|Win32
		{950B288E-FC20-4428-84A2-6362664A012E}.Release|Mixed Platforms.ActiveCfg = Release|Win32
		{950B288E-FC20-4428-84A2-6362664A012E}.Release|Mixed Platforms.Build.0 = Release|Win32
		{950B288E-FC20-4428-84A2-6362664A012E}.Release|Win32.ActiveCfg = Release|Win32
		{950B288E-FC20-4428-84A2-6362664A012E}.Release|Win32.Build.0 = Release|Win32
		{8247BFC0-74A1-4822-AC1B-10A25A096B82}.Debug|Any CPU.ActiveCfg = Debug|Win32
		{8247BFC0-74A1-4822-AC1B-10A25A096B82}.Debug|Mixed Platforms.ActiveCfg = Debug|Win32
		{8247BFC0-74A1-4822-AC1B-10A25A096B82}.Debug|Mixed Platforms.Build.0 = Debug|Win32
		{8247BFC0-74A1-4822-AC1B-10A25A096B82}.Debug|Win32.ActiveCfg = Debug|Win32
		{8247BFC0-74A1-4822-AC1B-10A25A096B82}.Debug|Win32.Build.0 = Debug|Win32
		{8247BFC0-74A1-4822-AC1B-10A25A096B82}.Release|Any CPU.ActiveCfg = Release|Win32
		{8247BFC0-74A1-4822-AC1B-10A25A096B82}.Release|Mixed Platforms.ActiveCfg = Release|Win32
		{8247BFC0-74A1-4822-AC1B-10A25A096B82}.Release|Mixed Platforms.Build.0 = Release|Win32
		{8247BFC0-74A1-4822-AC1B-10A25A096B82}.Release|Win32.ActiveCfg = Release|Win32
		{8247BFC0-74A1-4822-AC1B-10A25A096B82}.Release|Win32.Build.0 = Release|Win32
		{392B1B15-ABAB-4398-8D58-E3B51B861699}.Debug|Any CPU.ActiveCfg = Debug|Win32
		{392B1B15-ABAB-4398-8D58-E3B51B861699}.Debug|Mixed Platforms.ActiveCfg = Debug|Win32
		{392B1B15-ABAB-4398-8D58-E3B51B861699}.Debug|Mixed Platforms.Build.0 = Debug|Win32
		{392B1B15-ABAB-4398-8D58-E3B51B861699}.Debug|Win32.ActiveCfg = Debug|Win32
		{392B1B15-ABAB-4398-8D58-E3B51B861699}.Debug|Win32.Build.0 = Debug|Win32
		{392B1B15-ABAB-4398-8D58-E3B51B861699}.Release|Any CPU.ActiveCfg = Release|Win32
		{392B1B15-ABAB-4398-8D58-E3B51B861699}.Release|Mixed Platforms.ActiveCfg = Release|Win32
		{392B1B15-ABAB-4398-8D58-E3B51B861699}.Release|Mixed Platforms.Build.0 = Release|Win32
		{392B1B15-ABAB-4398-8D58-E3B51B861699}.Release|Win32.ActiveCfg = Release|Win32
		{392B1B15-ABAB-4398-8D58-E3B51B861699}.Release|Win32.Build.0 = Release|Win32
		{E21EDEE7-9EF6-403F-9468-014B9BFF94BB}.Debug|Any CPU.ActiveCfg = Debug|Win32
		{E21EDEE7-9EF6-403F-9468-014B9BFF94BB}.Debug|Mixed Platforms.ActiveCfg = Debug|Win32
		{E21EDEE7-9EF6-403F-9468-014B9BFF94BB}.Debug|Mixed Platforms.Build.0 = Debug|Win32
		{E21EDEE7-9EF6-403F-9468-014B9BFF94BB}.Debug|Win32.ActiveCfg = Debug|Win32
		{E21EDEE7-9EF6-403F-9468-014B9BFF94BB}.Debug|Win32.Build.0 = Debug|Win32
		{E21EDEE7-9EF6-403F-9468-014B9BFF94BB}.Release|Any CPU.ActiveCfg = Release|Win32
		{E21EDEE7-9EF6-403F-9468-014B9BFF94BB}.Release|Mixed Platforms.ActiveCfg = Release|Win32
		{E21EDEE7-9EF6-403F-9468-014B9BFF94BB}.Release|Mixed Platforms.Build.0 = Release|Win32
		{E21EDEE7-9EF6-403F-9468-014B9BFF94BB}.Release|Win32.ActiveCfg = Release|Win32
		{E21EDEE7-9EF6-403F-9468-014B9BFF94BB}.Release|Win32.Build.0 = Release|Win32
		{0A3C0E41-B0EA-4736-B5B6-7F04B248839F}.Debug|Any CPU.ActiveCfg = Debug|Win32
		{0A3C0E41-B0EA-4736-B5B6-7F04B248839F}.Debug|Mixed Platforms.ActiveCfg = Debug|Win32
		{0A3C0E41-B0EA-4736-B5B6-7F04B248839F}.Debug|Mixed Platforms.Build.0 = Debug|Win32
		{0A3C0E41-B0EA-4736-B5B6-7F04B248839F}.Debug|Win32.ActiveCfg = Debug|Win32
		{0A3C0E41-B0EA-4736-B5B6-7F04B248839F}.Debug|Win32.Build.0 = Debug|Win32
		{0A3C0E41-B0EA-4736-B5B6-7F04B248839F}.Release|Any CPU.ActiveCfg = Release|Win32
		{0A3C0E41-B0EA-4736-B5B6-7F04B248839F}.Release|Mixed Platforms.ActiveCfg = Release|Win32
		{0A3C0E41-B0EA-4736-B5B6-7F04B248839F}.Release|Mixed Platforms.Build.0 = Release|Win32
		{0A3C0E41-B0EA-4736-B5B6-7F04B248839F}.Release|Win32.ActiveCfg = Release|Win32
		{0A3C0E41-B0EA-4736-B5B6-7F04B248839F}.Release|Win32.Build.0 = Release|Win32
		{D246ADC6-51A9-440B-BF04-5C64A80576C2}.Debug|Any CPU.ActiveCfg = Debug|Win32
		{D246ADC6-51A9-440B-BF04-5C64A80576C2}.Debug|Mixed Platforms.ActiveCfg = Debug|Win32
		{D246ADC6-51A9-440B-BF04-5C64A80576C2}.Debug|Mixed Platforms.Build.0 = Debug|Win32
		{D246ADC6-51A9-440B-BF04-5C64A80576C2}.Debug|Win32.ActiveCfg = Debug|Win32
		{D246ADC6-51A9-440B-BF04-5C64A80576C2}.Debug|Win32.Build.0 = Debug|Win32
		{D246ADC6-51A9-440B-BF04-5C64A80576C2}.Release|Any CPU.ActiveCfg = Release|Win32
		{D246ADC6-51A9-440B-BF04-5C64A80576C2}.Release|Mixed Platforms.ActiveCfg = Release|Win32
		{D246ADC6-51A9-440B-BF04-5C64A80576C2}.Release|Mixed Platforms.Build.0 = Release|Win32
		{D246ADC6-51A9-440B-BF04-5C64A80576C2}.Release|Win32.ActiveCfg = Release|Win32
		{D246ADC6-51A9-440B-BF04-5C64A80576C2}.Release|Win32.Build.0 = Release|Win32
		{C170FC05-28EF-492C-A5DF-1C7760A5EFAE}.Debug|Any CPU.ActiveCfg = Debug|Win32
		{C170FC05-28EF-492C-A5DF-1C7760A5EFAE}.Debug|Mixed Platforms.ActiveCfg = Debug|Win32
		{C170FC05-28EF-492C-A5DF-1C7760A5EFAE}.Debug|Mixed Platforms.Build.0 = Debug|Win32
		{C170FC05-28EF-492C-A5DF-1C7760A5EFAE}.Debug|Win32.ActiveCfg = Debug|Win32
		{C170FC05-28EF-492C-A5DF-1C7760A5EFAE}.Debug|Win32.Build.0 = Debug|Win32
		{C170FC05-28EF-492C-A5DF-1C7760A5EFAE}.Release|Any CPU.ActiveCfg = Release|Win32
		{C170FC05-28EF-492C-A5DF-1C7760A5EFAE}.Release|Mixed Platforms.ActiveCfg = Release|Win32
		{C170FC05-28EF-492C-A5DF-1C7760A5EFAE}.Release|Mixed Platforms.Build.0 = Release|Win32
		{C170FC05-28EF-492C-A5DF-1C7760A5EFAE}.Release|Win32.ActiveCfg = Release|Win32
		{C170FC05-28EF-492C-A5DF-1C7760A5EFAE}.Release|Win32.Build.0 = Release|Win32
		{B0B06D31-2177-47EA-B7BC-BBF70A88C9E4}.Debug|Any CPU.ActiveCfg = Debug|Win32
		{B0B06D31-2177-47EA-B7BC-BBF70A88C9E4}.Debug|Mixed Platforms.ActiveCfg = Debug|Win32
		{B0B06D31-2177-47EA-B7BC-BBF70A88C9E4}.Debug|Mixed Platforms.Build.0 = Debug|Win32
		{B0B06D31-2177-47EA-B7BC-BBF70A88C9E4}.Debug|Win32.ActiveCfg = Debug|Win32
		{B0B06D31-2177-47EA-B7BC-BBF70A88C9E4}.Debug|Win32.Build.0 = Debug|Win32
		{B0B06D31-2177-47EA-B7BC-BBF70A88C9E4}.Release|Any CPU.ActiveCfg = Release|Win32
		{B0B06D31-2177-47EA-B7BC-BBF70A88C9E4}.Release|Mixed Platforms.ActiveCfg = Release|Win32
		{B0B06D31-2177-47EA-B7BC-BBF70A88C9E4}.Release|Mixed Platforms.Build.0 = Release|Win32
		{B0B06D31-2177-47EA-B7BC-BBF70A88C9E4}.Release|Win32.ActiveCfg = Release|Win32
		{B0B06D31-2177-47EA-B7BC-BBF70A88C9E4}.Release|Win32.Build.0 = Release|Win32
		{72608FD4-3BEE-457A-AF50-CE5DB0F368B6}.Debug|Any CPU.ActiveCfg = Debug|Win32
		{72608FD4-3BEE-457A-AF50-CE5DB0F368B6}.Debug|Mixed Platforms.ActiveCfg = Debug|Win32
		{72608FD4-3BEE-457A-AF50-CE5DB0F368B6}.Debug|Mixed Platforms.Build.0 = Debug|Win32
		{72608FD4-3BEE-457A-AF50-CE5DB0F368B6}.Debug|Win32.ActiveCfg = Debug|Win32
		{72608FD4-3BEE-457A-AF50-CE5DB0F368B6}.Debug|Win32.Build.0 = Debug|Win32
		{72608FD4-3BEE-457A-AF50-CE5DB0F368B6}.Release|Any CPU.ActiveCfg = Release|Win32
		{72608FD4-3BEE-457A-AF50-CE5DB0F368B6}.Release|Mixed Platforms.ActiveCfg = Release|Win32
		{72608FD4-3BEE-457A-AF50-CE5DB0F368B6}.Release|Mixed Platforms.Build.0 = Release|Win32
		{72608FD4-3BEE-457A-AF50-CE5DB0F368B6}.Release|Win32.ActiveCfg = Release|Win32
		{72608FD4-3BEE-457A-AF50-CE5DB0F368B6}.Release|Win32.Build.0 = Release|Win32
		{4AAB15DE-806C-4459-9F98-985C3DCAE642}.Debug|Any CPU.ActiveCfg = Debug|Win32
		{4AAB15DE-806C-4459-9F98-985C3DCAE642}.Debug|Mixed Platforms.ActiveCfg = Debug|Win32
		{4AAB15DE-806C-4459-9F98-985C3DCAE642}.Debug|Mixed Platforms.Build.0 = Debug|Win32
		{4AAB15DE-806C-4459-9F98-985C3DCAE642}.Debug|Win32.ActiveCfg = Debug|Win32
		{4AAB15DE-806C-4459-9F98-985C3DCAE642}.Debug|Win32.Build.0 = Debug|Win32
		{4AAB15DE-806C-4459-9F98-985C3DCAE642}.Release|Any CPU.ActiveCfg = Release|Win32
		{4AAB15DE-806C-4459-9F98-985C3DCAE642}.Release|Mixed Platforms.ActiveCfg = Release|Win32
		{4AAB15DE-806C-4459-9F98-985C3DCAE642}.Release|Mixed Platforms.Build.0 = Release|Win32
		{4AAB15DE-806C-4459-9F98-985C3DCAE642}.Release|Win32.ActiveCfg = Release|Win32
		{4AAB15DE-806C-4459-9F98-985C3DCAE642}.Release|Win32.Build.0 = Release|Win32
		{3237B567-F134-4FE5-8540-FD66A8A00D06}.Debug|Any CPU.ActiveCfg = Debug|Win32
		{3237B567-F134-4FE5-8540-FD66A8A00D06}.Debug|Mixed Platforms.ActiveCfg = Debug|Win32
		{3237B567-F134-4FE5-8540-FD66A8A00D06}.Debug|Mixed Platforms.Build.0 = Debug|Win32
		{3237B567-F134-4FE5-8540-FD66A8A00D06}.Debug|Win32.ActiveCfg = Debug|Win32
		{3237B567-F134-4FE5-8540-FD66A8A00D06}.Debug|Win32.Build.0 = Debug|Win32
		{3237B567-F134-4FE5-8540-FD66A8A00D06}.Release|Any CPU.ActiveCfg = Release|Win32
		{3237B567-F134-4FE5-8540-FD66A8A00D06}.Release|Mixed Platforms.ActiveCfg = Release|Win32
		{3237B567-F134-4FE5-8540-FD66A8A00D06}.Release|Mixed Platforms.Build.0 = Release|Win32
		{3237B567-F134-4FE5-8540-FD66A8A00D06}.Release|Win32.ActiveCfg = Release|Win32
		{3237B567-F134-4FE5-8540-FD66A8A00D06}.Release|Win32.Build.0 = Release|Win32
		{659DABEA-3A35-4F8C-BA46-C829A8FE1DF5}.Debug|Any CPU.ActiveCfg = Debug|Win32
		{659DABEA-3A35-4F8C-BA46-C829A8FE1DF5}.Debug|Mixed Platforms.ActiveCfg = Debug|Win32
		{659DABEA-3A35-4F8C-BA46-C829A8FE1DF5}.Debug|Mixed Platforms.Build.0 = Debug|Win32
		{659DABEA-3A35-4F8C-BA46-C829A8FE1DF5}.Debug|Win32.ActiveCfg = Debug|Win32
		{659DABEA-3A35-4F8C-BA46-C829A8FE1DF5}.Debug|Win32.Build.0 = Debug|Win32
		{659DABEA-3A35-4F8C-BA46-C829A8FE1DF5}.Release|Any CPU.ActiveCfg = Release|Win32
		{659DABEA-3A35-4F8C-BA46-C829A8FE1DF5}.Release|Mixed Platforms.ActiveCfg = Release|Win32
		{659DABEA-3A35-4F8C-BA46-C829A8FE1DF5}.Release|Mixed Platforms.Build.0 = Release|Win32
		{659DABEA-3A35-4F8C-BA46-C829A8FE1DF5}.Release|Win32.ActiveCfg = Release|Win32
		{659DABEA-3A35-4F8C-BA46-C829A8FE1DF5}.Release|Win32.Build.0 = Release|Win32
		{FE2A5089-69CE-496B-8ABC-6490FB8A8BBD}.Debug|Any CPU.ActiveCfg = Debug|Win32
		{FE2A5089-69CE-496B-8ABC-6490FB8A8BBD}.Debug|Mixed Platforms.ActiveCfg = Debug|Win32
		{FE2A5089-69CE-496B-8ABC-6490FB8A8BBD}.Debug|Mixed Platforms.Build.0 = Debug|Win32
		{FE2A5089-69CE-496B-8ABC-6490FB8A8BBD}.Debug|Win32.ActiveCfg = Debug|Win32
		{FE2A5089-69CE-496B-8ABC-6490FB8A8BBD}.Debug|Win32.Build.0 = Debug|Win32
		{FE2A5089-69CE-496B-8ABC-6490FB8A8BBD}.Release|Any CPU.ActiveCfg = Release|Win32
		{FE2A5089-69CE-496B-8ABC-6490FB8A8BBD}.Release|Mixed Platforms.ActiveCfg = Release|Win32
		{FE2A5089-69CE-496B-8ABC-6490FB8A8BBD}.Release|Mixed Platforms.Build.0 = Release|Win32
		{FE2A5089-69CE-496B-8ABC-6490FB8A8BBD}.Release|Win32.ActiveCfg = Release|Win32
		{FE2A5089-69CE-496B-8ABC-6490FB8A8BBD}.Release|Win32.Build.0 = Release|Win32
		{EBA5868A-381C-499B-B494-C188EF428A64}.Debug|Any CPU.ActiveCfg = Debug|Win32
		{EBA5868A-381C-499B-B494-C188EF428A64}.Debug|Mixed Platforms.ActiveCfg = Debug|Win32
		{EBA5868A-381C-499B-B494-C188EF428A64}.Debug|Mixed Platforms.Build.0 = Debug|Win32
		{EBA5868A-381C-499B-B494-C188EF428A64}.Debug|Win32.ActiveCfg = Debug|Win32
		{EBA5868A-381C-499B-B494-C188EF428A64}.Debug|Win32.Build.0 = Debug|Win32
		{EBA5868A-381C-499B-B494-C188EF428A64}.Release|Any CPU.ActiveCfg = Release|Win32
		{EBA5868A-381C-499B-B494-C188EF428A64}.Release|Mixed Platforms.ActiveCfg = Release|Win32
		{EBA5868A-381C-499B-B494-C188EF428A64}.Release|Mixed Platforms.Build.0 = Release|Win32
		{EBA5868A-381C-499B-B494-C188EF428A64}.Release|Win32.ActiveCfg = Release|Win32
		{EBA5868A-381C-499B-B494-C188EF428A64}.Release|Win32.Build.0 = Release|Win32
		{A21050E9-DCA2-45EE-A8BF-78E499932C0A}.Debug|Any CPU.ActiveCfg = Debug|Win32
		{A21050E9-DCA2-45EE-A8BF-78E499932C0A}.Debug|Mixed Platforms.ActiveCfg = Debug|Win32
		{A21050E9-DCA2-45EE-A8BF-78E499932C0A}.Debug|Mixed Platforms.Build.0 = Debug|Win32
		{A21050E9-DCA2-45EE-A8BF-78E499932C0A}.Debug|Win32.ActiveCfg = Debug|Win32
		{A21050E9-DCA2-45EE-A8BF-78E499932C0A}.Debug|Win32.Build.0 = Debug|Win32
		{A21050E9-DCA2-45EE-A8BF-78E499932C0A}.Release|Any CPU.ActiveCfg = Release|Win32
		{A21050E9-DCA2-45EE-A8BF-78E499932C0A}.Release|Mixed Platforms.ActiveCfg = Release|Win32
		{A21050E9-DCA2-45EE-A8BF-78E499932C0A}.Release|Mixed Platforms.Build.0 = Release|Win32
		{A21050E9-DCA2-45EE-A8BF-78E499932C0A}.Release|Win32.ActiveCfg = Release|Win32
		{A21050E9-DCA2-45EE-A8BF-78E499932C0A}.Release|Win32.Build.0 = Release|Win32
		{6AAEE36E-EC70-4081-BC7E-435CB11DA247}.Debug|Any CPU.ActiveCfg = Debug|Win32
		{6AAEE36E-EC70-4081-BC7E-435CB11DA247}.Debug|Mixed Platforms.ActiveCfg = Debug|Win32
		{6AAEE36E-EC70-4081-BC7E-435CB11DA247}.Debug|Mixed Platforms.Build.0 = Debug|Win32
		{6AAEE36E-EC70-4081-BC7E-435CB11DA247}.Debug|Win32.ActiveCfg = Debug|Win32
		{6AAEE36E-EC70-4081-BC7E-435CB11DA247}.Debug|Win32.Build.0 = Debug|Win32
		{6AAEE36E-EC70-4081-BC7E-435CB11DA247}.Release|Any CPU.ActiveCfg = Release|Win32
		{6AAEE36E-EC70-4081-BC7E-435CB11DA247}.Release|Mixed Platforms.ActiveCfg = Release|Win32
		{6AAEE36E-EC70-4081-BC7E-435CB11DA247}.Release|Mixed Platforms.Build.0 = Release|Win32
		{6AAEE36E-EC70-4081-BC7E-435CB11DA247}.Release|Win32.ActiveCfg = Release|Win32
		{6AAEE36E-EC70-4081-BC7E-435CB11DA247}.Release|Win32.Build.0 = Release|Win32
		{1C418056-B7C2-4E8B-83BE-902587FF0379}.Debug|Any CPU.ActiveCfg = Debug|Win32
		{1C418056-B7C2-4E8B-83BE-902587FF0379}.Debug|Mixed Platforms.ActiveCfg = Debug|Win32
		{1C418056-B7C2-4E8B-83BE-902587FF0379}.Debug|Mixed Platforms.Build.0 = Debug|Win32
		{1C418056-B7C2-4E8B-83BE-902587FF0379}.Debug|Win32.ActiveCfg = Debug|Win32
		{1C418056-B7C2-4E8B-83BE-902587FF0379}.Debug|Win32.Build.0 = Debug|Win32
		{1C418056-B7C2-4E8B-83BE-902587FF0379}.Release|Any CPU.ActiveCfg = Release|Win32
		{1C418056-B7C2-4E8B-83BE-902587FF0379}.Release|Mixed Platforms.ActiveCfg = Release|Win32
		{1C418056-B7C2-4E8B-83BE-902587FF0379}.Release|Mixed Platforms.Build.0 = Release|Win32
		{1C418056-B7C2-4E8B-83BE-902587FF0379}.Release|Win32.ActiveCfg = Release|Win32
		{1C418056-B7C2-4E8B-83BE-902587FF0379}.Release|Win32.Build.0 = Release|Win32
	EndGlobalSection
	GlobalSection(SolutionProperties) = preSolution
		HideSolutionNode = FALSE
	EndGlobalSection
	GlobalSection(NestedProjects) = preSolution
		{AE2CDBAC-11C0-4E75-86F2-D3E64AE80C16} = {D72D420A-B5B2-446B-95AC-0340521C4126}
		{0E101187-E66C-4A1E-999B-66EB668FAC3D} = {2502EE8D-A08B-45F5-A902-5232EF927053}
		{4E2767B0-6BED-49A1-839C-5F845CDC0B53} = {D72D420A-B5B2-446B-95AC-0340521C4126}
		{1F96790F-038D-417F-9917-B8D89A73EF05} = {D72D420A-B5B2-446B-95AC-0340521C4126}
		{950B288E-FC20-4428-84A2-6362664A012E} = {D72D420A-B5B2-446B-95AC-0340521C4126}
		{8247BFC0-74A1-4822-AC1B-10A25A096B82} = {D72D420A-B5B2-446B-95AC-0340521C4126}
		{392B1B15-ABAB-4398-8D58-E3B51B861699} = {BA500966-91C5-45D3-B041-C440271FE89D}
		{E21EDEE7-9EF6-403F-9468-014B9BFF94BB} = {BA500966-91C5-45D3-B041-C440271FE89D}
		{0A3C0E41-B0EA-4736-B5B6-7F04B248839F} = {BA500966-91C5-45D3-B041-C440271FE89D}
		{D246ADC6-51A9-440B-BF04-5C64A80576C2} = {BA500966-91C5-45D3-B041-C440271FE89D}
		{C170FC05-28EF-492C-A5DF-1C7760A5EFAE} = {BA500966-91C5-45D3-B041-C440271FE89D}
		{B0B06D31-2177-47EA-B7BC-BBF70A88C9E4} = {BA500966-91C5-45D3-B041-C440271FE89D}
		{72608FD4-3BEE-457A-AF50-CE5DB0F368B6} = {F8DD8226-D812-473D-B1ED-D233F03B8BCD}
		{4AAB15DE-806C-4459-9F98-985C3DCAE642} = {F8DD8226-D812-473D-B1ED-D233F03B8BCD}
		{3237B567-F134-4FE5-8540-FD66A8A00D06} = {F8DD8226-D812-473D-B1ED-D233F03B8BCD}
		{659DABEA-3A35-4F8C-BA46-C829A8FE1DF5} = {87848F67-91F2-487B-852B-10075A4F8D9F}
		{FE2A5089-69CE-496B-8ABC-6490FB8A8BBD} = {F8DD8226-D812-473D-B1ED-D233F03B8BCD}
		{EBA5868A-381C-499B-B494-C188EF428A64} = {F8DD8226-D812-473D-B1ED-D233F03B8BCD}
		{A21050E9-DCA2-45EE-A8BF-78E499932C0A} = {782877DF-3067-4F0C-9F4B-46586CA8E376}
		{6AAEE36E-EC70-4081-BC7E-435CB11DA247} = {782877DF-3067-4F0C-9F4B-46586CA8E376}
		{1C418056-B7C2-4E8B-83BE-902587FF0379} = {782877DF-3067-4F0C-9F4B-46586CA8E376}
	EndGlobalSection
EndGlobal
